Microsoft Visual Studio Solution File, Format Version 11.00
# Visual Studio 2008

Project("{FA6C4FC6-108D-F17C-16F2-96A54C5E5FC3}") = "Pokemon Battles", "Assembly-CSharp.csproj", "{7F2A527C-FBD8-1F21-651A-19F7AB8D01B9}"
EndProject
Global
	GlobalSection(SolutionConfigurationPlatforms) = preSolution
		Debug|Any CPU = Debug|Any CPU
		Release|Any CPU = Release|Any CPU
	EndGlobalSection
	GlobalSection(ProjectConfigurationPlatforms) = postSolution
		{7F2A527C-FBD8-1F21-651A-19F7AB8D01B9}.Debug|Any CPU.ActiveCfg = Debug|Any CPU
		{7F2A527C-FBD8-1F21-651A-19F7AB8D01B9}.Debug|Any CPU.Build.0 = Debug|Any CPU
		{7F2A527C-FBD8-1F21-651A-19F7AB8D01B9}.Release|Any CPU.ActiveCfg = Release|Any CPU
		{7F2A527C-FBD8-1F21-651A-19F7AB8D01B9}.Release|Any CPU.Build.0 = Release|Any CPU
	EndGlobalSection
	GlobalSection(SolutionProperties) = preSolution
		HideSolutionNode = FALSE
	EndGlobalSection
	GlobalSection(MonoDevelopProperties) = preSolution
		StartupItem = Assembly-CSharp.csproj
	EndGlobalSection
EndGlobal
